
Microsoft Visual Studio Solution File, Format Version 12.00
# Visual Studio Version 17
VisualStudioVersion = 17.8.34330.188
MinimumVisualStudioVersion = 10.0.40219.1
Project("{FAE04EC0-301F-11D3-BF4B-00C04F79EFBC}") = "PharmacyManagementSystem", "PharmacyManagementSystem\PharmacyManagementSystem.csproj", "{44E57D87-123D-441B-A85D-A7AFC9DEB0CF}"
EndProject
Global
	GlobalSection(SolutionConfigurationPlatforms) = preSolution
		Debug|Any CPU = Debug|Any CPU
		Release|Any CPU = Release|Any CPU
	EndGlobalSection
	GlobalSection(ProjectConfigurationPlatforms) = postSolution
		{44E57D87-123D-441B-A85D-A7AFC9DEB0CF}.Debug|Any CPU.ActiveCfg = Debug|Any CPU
		{44E57D87-123D-441B-A85D-A7AFC9DEB0CF}.Debug|Any CPU.Build.0 = Debug|Any CPU
		{44E57D87-123D-441B-A85D-A7AFC9DEB0CF}.Release|Any CPU.ActiveCfg = Release|Any CPU
		{44E57D87-123D-441B-A85D-A7AFC9DEB0CF}.Release|Any CPU.Build.0 = Release|Any CPU
	EndGlobalSection
	GlobalSection(SolutionProperties) = preSolution
		HideSolutionNode = FALSE
	EndGlobalSection
	GlobalSection(ExtensibilityGlobals) = postSolution
		SolutionGuid = {D7AC246E-EE69-4157-9C0A-E18003475AD9}
	EndGlobalSection
EndGlobal
